
Microsoft Visual Studio Solution File, Format Version 12.00
# Visual Studio Version 17
VisualStudioVersion = 17.14.36518.9 d17.14
MinimumVisualStudioVersion = 10.0.40219.1
Project("{FAE04EC0-301F-11D3-BF4B-00C04F79EFBC}") = "WindowsForm", "WindowsForm.csproj", "{5ED8FB57-0069-4702-A807-2C300A578EB1}"
EndProject
Global
	GlobalSection(SolutionConfigurationPlatforms) = preSolution
		Debug|Any CPU = Debug|Any CPU
		Release|Any CPU = Release|Any CPU
	EndGlobalSection
	GlobalSection(ProjectConfigurationPlatforms) = postSolution
		{5ED8FB57-0069-4702-A807-2C300A578EB1}.Debug|Any CPU.ActiveCfg = Debug|Any CPU
		{5ED8FB57-0069-4702-A807-2C300A578EB1}.Debug|Any CPU.Build.0 = Debug|Any CPU
		{5ED8FB57-0069-4702-A807-2C300A578EB1}.Release|Any CPU.ActiveCfg = Release|Any CPU
		{5ED8FB57-0069-4702-A807-2C300A578EB1}.Release|Any CPU.Build.0 = Release|Any CPU
	EndGlobalSection
	GlobalSection(SolutionProperties) = preSolution
		HideSolutionNode = FALSE
	EndGlobalSection
	GlobalSection(ExtensibilityGlobals) = postSolution
		SolutionGuid = {7D8D41F0-BC7D-4E88-AD7F-13C430D439A2}
	EndGlobalSection
EndGlobal
